# Pinned inputs for a reproducible build. Any mismatch fails the build.

rust = "1.99.0"

[upstream]
repo   = "razvandimescu/numa"
tag    = "v0.24.1"
commit = "c7385c78512b81ee096d41e4b27dab8ebe5b8e7e"

[mimalloc]
source = "pr"                              # "pr" | "upstream" (after upstream release)
pr     = 395
head = "ac7cff82a3366d953bd10465c038e2d905e6f43c"

[build]
publish = "generic-mimalloc"               # variant packaged in the ipk; "cortex-a73-mimalloc" is also built
rev = "13"
describe = "v0.24.1-5-g373db8a"            # expected `git describe` after the overlay; mismatch warns
